
Microsoft Visual Studio Solution File, Format Version 12.00
Project("{FAE04EC0-301F-11D3-BF4B-00C04F79EFBC}") = "GrokDungeon", "GrokDungeon\GrokDungeon.csproj", "{6486DB62-BAA7-487F-9669-1885CF646BD2}"
EndProject
Project("{FAE04EC0-301F-11D3-BF4B-00C04F79EFBC}") = "GrokDungeon.Tests", "GrokDungeon.Tests\GrokDungeon.Tests.csproj", "{A1B2C3D4-E5F6-4789-0123-456789ABCDEF}"
EndProject
Project("{FAE04EC0-301F-11D3-BF4B-00C04F79EFBC}") = "GrokDungeon.Playground", "GrokDungeon.Playground\GrokDungeon.Playground.csproj", "{5CC90406-4302-45A8-8DAE-C1B419CC6D79}"
EndProject
Global
	GlobalSection(SolutionConfigurationPlatforms) = preSolution
		Debug|Any CPU = Debug|Any CPU
		Release|Any CPU = Release|Any CPU
	EndGlobalSection
	GlobalSection(ProjectConfigurationPlatforms) = postSolution
		{6486DB62-BAA7-487F-9669-1885CF646BD2}.Debug|Any CPU.ActiveCfg = Debug|Any CPU
		{6486DB62-BAA7-487F-9669-1885CF646BD2}.Debug|Any CPU.Build.0 = Debug|Any CPU
		{6486DB62-BAA7-487F-9669-1885CF646BD2}.Release|Any CPU.ActiveCfg = Release|Any CPU
		{6486DB62-BAA7-487F-9669-1885CF646BD2}.Release|Any CPU.Build.0 = Release|Any CPU
		{A1B2C3D4-E5F6-4789-0123-456789ABCDEF}.Debug|Any CPU.ActiveCfg = Debug|Any CPU
		{A1B2C3D4-E5F6-4789-0123-456789ABCDEF}.Debug|Any CPU.Build.0 = Debug|Any CPU
		{A1B2C3D4-E5F6-4789-0123-456789ABCDEF}.Release|Any CPU.ActiveCfg = Release|Any CPU
		{A1B2C3D4-E5F6-4789-0123-456789ABCDEF}.Release|Any CPU.Build.0 = Release|Any CPU
		{5CC90406-4302-45A8-8DAE-C1B419CC6D79}.Debug|Any CPU.ActiveCfg = Debug|Any CPU
		{5CC90406-4302-45A8-8DAE-C1B419CC6D79}.Debug|Any CPU.Build.0 = Debug|Any CPU
		{5CC90406-4302-45A8-8DAE-C1B419CC6D79}.Release|Any CPU.ActiveCfg = Release|Any CPU
		{5CC90406-4302-45A8-8DAE-C1B419CC6D79}.Release|Any CPU.Build.0 = Release|Any CPU
	EndGlobalSection
EndGlobal
